
Microsoft Visual Studio Solution File, Format Version 12.00
# Visual Studio 15
VisualStudioVersion = 15.0.26124.0
MinimumVisualStudioVersion = 15.0.26124.0
Project("{FAE04EC0-301F-11D3-BF4B-00C04F79EFBC}") = "Data_Process_System", "Data_Process_System.csproj", "{083D2B28-8FAC-414A-9474-AB62A979745F}"
EndProject
Project("{FAE04EC0-301F-11D3-BF4B-00C04F79EFBC}") = "Front", "..\Front\Front.csproj", "{8A39F32D-B88B-4478-8326-88B6ACB65F1A}"
EndProject
Global
	GlobalSection(SolutionConfigurationPlatforms) = preSolution
		Debug|Any CPU = Debug|Any CPU
		Debug|x64 = Debug|x64
		Debug|x86 = Debug|x86
		Release|Any CPU = Release|Any CPU
		Release|x64 = Release|x64
		Release|x86 = Release|x86
	EndGlobalSection
	GlobalSection(SolutionProperties) = preSolution
		HideSolutionNode = FALSE
	EndGlobalSection
	GlobalSection(ProjectConfigurationPlatforms) = postSolution
		{083D2B28-8FAC-414A-9474-AB62A979745F}.Debug|Any CPU.ActiveCfg = Debug|Any CPU
		{083D2B28-8FAC-414A-9474-AB62A979745F}.Debug|Any CPU.Build.0 = Debug|Any CPU
		{083D2B28-8FAC-414A-9474-AB62A979745F}.Debug|x64.ActiveCfg = Debug|Any CPU
		{083D2B28-8FAC-414A-9474-AB62A979745F}.Debug|x64.Build.0 = Debug|Any CPU
		{083D2B28-8FAC-414A-9474-AB62A979745F}.Debug|x86.ActiveCfg = Debug|Any CPU
		{083D2B28-8FAC-414A-9474-AB62A979745F}.Debug|x86.Build.0 = Debug|Any CPU
		{083D2B28-8FAC-414A-9474-AB62A979745F}.Release|Any CPU.ActiveCfg = Release|Any CPU
		{083D2B28-8FAC-414A-9474-AB62A979745F}.Release|Any CPU.Build.0 = Release|Any CPU
		{083D2B28-8FAC-414A-9474-AB62A979745F}.Release|x64.ActiveCfg = Release|Any CPU
		{083D2B28-8FAC-414A-9474-AB62A979745F}.Release|x64.Build.0 = Release|Any CPU
		{083D2B28-8FAC-414A-9474-AB62A979745F}.Release|x86.ActiveCfg = Release|Any CPU
		{083D2B28-8FAC-414A-9474-AB62A979745F}.Release|x86.Build.0 = Release|Any CPU
		{8A39F32D-B88B-4478-8326-88B6ACB65F1A}.Debug|Any CPU.ActiveCfg = Debug|Any CPU
		{8A39F32D-B88B-4478-8326-88B6ACB65F1A}.Debug|Any CPU.Build.0 = Debug|Any CPU
		{8A39F32D-B88B-4478-8326-88B6ACB65F1A}.Debug|x64.ActiveCfg = Debug|Any CPU
		{8A39F32D-B88B-4478-8326-88B6ACB65F1A}.Debug|x64.Build.0 = Debug|Any CPU
		{8A39F32D-B88B-4478-8326-88B6ACB65F1A}.Debug|x86.ActiveCfg = Debug|Any CPU
		{8A39F32D-B88B-4478-8326-88B6ACB65F1A}.Debug|x86.Build.0 = Debug|Any CPU
		{8A39F32D-B88B-4478-8326-88B6ACB65F1A}.Release|Any CPU.ActiveCfg = Release|Any CPU
		{8A39F32D-B88B-4478-8326-88B6ACB65F1A}.Release|Any CPU.Build.0 = Release|Any CPU
		{8A39F32D-B88B-4478-8326-88B6ACB65F1A}.Release|x64.ActiveCfg = Release|Any CPU
		{8A39F32D-B88B-4478-8326-88B6ACB65F1A}.Release|x64.Build.0 = Release|Any CPU
		{8A39F32D-B88B-4478-8326-88B6ACB65F1A}.Release|x86.ActiveCfg = Release|Any CPU
		{8A39F32D-B88B-4478-8326-88B6ACB65F1A}.Release|x86.Build.0 = Release|Any CPU
	EndGlobalSection
EndGlobal
